// !$*UTF8*$!
{
	archiveVersion = 1;
	classes = {
	};
	objectVersion = 46;
	objects = {

/* Begin PBXAggregateTarget section */
		73924B611DB90E8700508979 /* ChinaCloudUniversal */ = {
			isa = PBXAggregateTarget;
			buildConfigurationList = 73924B621DB90E8700508979 /* Build configuration list for PBXAggregateTarget "ChinaCloudUniversal" */;
			buildPhases = (
				73924B671DB90F2700508979 /* ShellScript */,
			);
			dependencies = (
			);
			name = ChinaCloudUniversal;
			productName = ChinaCloudUniversal;
		};
/* End PBXAggregateTarget section */

/* Begin PBXBuildFile section */
		736377861DBE3D780027EE34 /* FListManager.h in CopyFiles */ = {isa = PBXBuildFile; fileRef = 73924AA51DB90AE800508979 /* FListManager.h */; };
		736377871DBE43810027EE34 /* ShakeManager.h in CopyFiles */ = {isa = PBXBuildFile; fileRef = 73924AAB1DB90AE800508979 /* ShakeManager.h */; };
		736377ED1DBF615A00732280 /* TouchButton.h in CopyFiles */ = {isa = PBXBuildFile; fileRef = 73924B2A1DB90AE800508979 /* TouchButton.h */; };
		736377EF1DBF648A00732280 /* CustomBorderButton.h in CopyFiles */ = {isa = PBXBuildFile; fileRef = 73924B261DB90AE800508979 /* CustomBorderButton.h */; };
		736377F01DBF649C00732280 /* CustomView.h in CopyFiles */ = {isa = PBXBuildFile; fileRef = 73924B281DB90AE800508979 /* CustomView.h */; };
		736377F11DBF64B400732280 /* YProgressView.h in CopyFiles */ = {isa = PBXBuildFile; fileRef = 73924B2C1DB90AE800508979 /* YProgressView.h */; };
		737E7E511DBA04EE0040800F /* Rtsp_instance.h in CopyFiles */ = {isa = PBXBuildFile; fileRef = 73924B221DB90AE800508979 /* Rtsp_instance.h */; };
		737E7E521DBA04F50040800F /* RtspInterface.h in CopyFiles */ = {isa = PBXBuildFile; fileRef = 73924B231DB90AE800508979 /* RtspInterface.h */; };
		73864CAD1DD4E4BA00CED450 /* ChinaCloudStatic.h in CopyFiles */ = {isa = PBXBuildFile; fileRef = 73924A771DB90A7D00508979 /* ChinaCloudStatic.h */; };
		73864CB81DD5B72B00CED450 /* Contact.m in Sources */ = {isa = PBXBuildFile; fileRef = 73864CB61DD5B72B00CED450 /* Contact.m */; };
		73864CBB1DD5C07200CED450 /* MD5Manager.h in CopyFiles */ = {isa = PBXBuildFile; fileRef = 73F3B8B91DCB8C7400830CD4 /* MD5Manager.h */; };
		73864CBC1DD5C29C00CED450 /* Contact.h in CopyFiles */ = {isa = PBXBuildFile; fileRef = 73864CB71DD5B72B00CED450 /* Contact.h */; };
		73905CAE1DC728FE006CB811 /* OpenGLView.m in Sources */ = {isa = PBXBuildFile; fileRef = 73905CAD1DC728FE006CB811 /* OpenGLView.m */; settings = {COMPILER_FLAGS = "-fno-objc-arc"; }; };
		73905CB01DC7293B006CB811 /* OpenGLES.framework in Frameworks */ = {isa = PBXBuildFile; fileRef = 73905CAF1DC7293B006CB811 /* OpenGLES.framework */; };
		73905CB11DC72E79006CB811 /* OpenGLView.h in CopyFiles */ = {isa = PBXBuildFile; fileRef = 73905CAC1DC728FE006CB811 /* OpenGLView.h */; };
		73905CB21DC72E9F006CB811 /* Constants.h in CopyFiles */ = {isa = PBXBuildFile; fileRef = 73FBAA7D1DC1FE4D00527A76 /* Constants.h */; };
		73905CB31DC72F1B006CB811 /* P2PMonitorController.h in CopyFiles */ = {isa = PBXBuildFile; fileRef = 73FBAA741DC1FB6C00527A76 /* P2PMonitorController.h */; };
		73905CB41DC72FFF006CB811 /* ProgressImageView.h in CopyFiles */ = {isa = PBXBuildFile; fileRef = 73FBAA771DC1FBB600527A76 /* ProgressImageView.h */; };
		73905CB51DC73062006CB811 /* UDPManager.h in CopyFiles */ = {isa = PBXBuildFile; fileRef = 73924A9F1DB90AE800508979 /* UDPManager.h */; };
		73905CB61DC73079006CB811 /* LocalDevice.h in CopyFiles */ = {isa = PBXBuildFile; fileRef = 73924A971DB90AE800508979 /* LocalDevice.h */; };
		73905CB91DC73CBE006CB811 /* Utils.m in Sources */ = {isa = PBXBuildFile; fileRef = 73905CB81DC73CBE006CB811 /* Utils.m */; settings = {COMPILER_FLAGS = "-fno-objc-arc"; }; };
		73905CBC1DC7453F006CB811 /* Utils.h in CopyFiles */ = {isa = PBXBuildFile; fileRef = 73905CB71DC73CBE006CB811 /* Utils.h */; };
		73905CBD1DC751F4006CB811 /* PAIOUnit.h in CopyFiles */ = {isa = PBXBuildFile; fileRef = 73FBAA7E1DC1FEF900527A76 /* PAIOUnit.h */; };
		73924A791DB90A7D00508979 /* ChinaCloudStatic.m in Sources */ = {isa = PBXBuildFile; fileRef = 73924A781DB90A7D00508979 /* ChinaCloudStatic.m */; };
		73924B331DB90AE800508979 /* Alarm.m in Sources */ = {isa = PBXBuildFile; fileRef = 73924A861DB90AE800508979 /* Alarm.m */; };
		73924B341DB90AE800508979 /* AlarmDAO.m in Sources */ = {isa = PBXBuildFile; fileRef = 73924A881DB90AE800508979 /* AlarmDAO.m */; settings = {COMPILER_FLAGS = "-fno-objc-arc"; }; };
		73924B361DB90AE800508979 /* ContactDAO.m in Sources */ = {isa = PBXBuildFile; fileRef = 73924A8D1DB90AE800508979 /* ContactDAO.m */; settings = {COMPILER_FLAGS = "-fno-objc-arc"; }; };
		73924B371DB90AE800508979 /* FMDatabase.m in Sources */ = {isa = PBXBuildFile; fileRef = 73924A901DB90AE800508979 /* FMDatabase.m */; };
		73924B381DB90AE800508979 /* FMDatabasePool.m in Sources */ = {isa = PBXBuildFile; fileRef = 73924A921DB90AE800508979 /* FMDatabasePool.m */; };
		73924B391DB90AE800508979 /* FMDatabaseQueue.m in Sources */ = {isa = PBXBuildFile; fileRef = 73924A941DB90AE800508979 /* FMDatabaseQueue.m */; };
		73924B3A1DB90AE800508979 /* FMResultSet.m in Sources */ = {isa = PBXBuildFile; fileRef = 73924A961DB90AE800508979 /* FMResultSet.m */; };
		73924B3B1DB90AE800508979 /* LocalDevice.m in Sources */ = {isa = PBXBuildFile; fileRef = 73924A981DB90AE800508979 /* LocalDevice.m */; };
		73924B3C1DB90AE800508979 /* RecommendInfo.m in Sources */ = {isa = PBXBuildFile; fileRef = 73924A9A1DB90AE800508979 /* RecommendInfo.m */; };
		73924B3D1DB90AE800508979 /* RecommendInfoDAO.m in Sources */ = {isa = PBXBuildFile; fileRef = 73924A9C1DB90AE800508979 /* RecommendInfoDAO.m */; settings = {COMPILER_FLAGS = "-fno-objc-arc"; }; };
		73924B3E1DB90AE800508979 /* UDManager.m in Sources */ = {isa = PBXBuildFile; fileRef = 73924A9E1DB90AE800508979 /* UDManager.m */; settings = {COMPILER_FLAGS = "-fno-objc-arc"; }; };
		73924B3F1DB90AE800508979 /* UDPManager.m in Sources */ = {isa = PBXBuildFile; fileRef = 73924AA01DB90AE800508979 /* UDPManager.m */; settings = {COMPILER_FLAGS = "-fno-objc-arc"; }; };
		73924B401DB90AE800508979 /* GCDAsyncUdpSocket.m in Sources */ = {isa = PBXBuildFile; fileRef = 73924AA31DB90AE800508979 /* GCDAsyncUdpSocket.m */; };
		73924B411DB90AE800508979 /* FListManager.m in Sources */ = {isa = PBXBuildFile; fileRef = 73924AA61DB90AE800508979 /* FListManager.m */; settings = {COMPILER_FLAGS = "-fno-objc-arc"; }; };
		73924B441DB90AE800508979 /* ShakeManager.m in Sources */ = {isa = PBXBuildFile; fileRef = 73924AAC1DB90AE800508979 /* ShakeManager.m */; };
		73924B461DB90AE800508979 /* libPwdEncrypt.a in Frameworks */ = {isa = PBXBuildFile; fileRef = 73924AB11DB90AE800508979 /* libPwdEncrypt.a */; };
		73924B471DB90AE800508979 /* MPNotificationView.m in Sources */ = {isa = PBXBuildFile; fileRef = 73924AB51DB90AE800508979 /* MPNotificationView.m */; settings = {COMPILER_FLAGS = "-fno-objc-arc"; }; };
		73924B481DB90AE800508979 /* OBGradientView.m in Sources */ = {isa = PBXBuildFile; fileRef = 73924AB81DB90AE800508979 /* OBGradientView.m */; };
		73924B491DB90AE800508979 /* Toast+UIView.m in Sources */ = {isa = PBXBuildFile; fileRef = 73924ABB1DB90AE800508979 /* Toast+UIView.m */; settings = {COMPILER_FLAGS = "-fno-objc-arc"; }; };
		73924B4A1DB90AE800508979 /* AccountResult.m in Sources */ = {isa = PBXBuildFile; fileRef = 73924ABE1DB90AE800508979 /* AccountResult.m */; };
		73924B4B1DB90AE800508979 /* CheckAlarmMessageResult.m in Sources */ = {isa = PBXBuildFile; fileRef = 73924AC01DB90AE800508979 /* CheckAlarmMessageResult.m */; };
		73924B4C1DB90AE800508979 /* CheckNewMessageResult.m in Sources */ = {isa = PBXBuildFile; fileRef = 73924AC21DB90AE800508979 /* CheckNewMessageResult.m */; };
		73924B4D1DB90AE800508979 /* GetAlarmRecordResult.m in Sources */ = {isa = PBXBuildFile; fileRef = 73924AC41DB90AE800508979 /* GetAlarmRecordResult.m */; };
		73924B4E1DB90AE800508979 /* GetContactMessageResult.m in Sources */ = {isa = PBXBuildFile; fileRef = 73924AC61DB90AE800508979 /* GetContactMessageResult.m */; };
		73924B4F1DB90AE800508979 /* LoginResult.m in Sources */ = {isa = PBXBuildFile; fileRef = 73924AC81DB90AE800508979 /* LoginResult.m */; };
		73924B501DB90AE800508979 /* ModifyLoginPasswordResult.m in Sources */ = {isa = PBXBuildFile; fileRef = 73924ACA1DB90AE800508979 /* ModifyLoginPasswordResult.m */; };
		73924B511DB90AE800508979 /* NetManager.m in Sources */ = {isa = PBXBuildFile; fileRef = 73924ACC1DB90AE800508979 /* NetManager.m */; settings = {COMPILER_FLAGS = "-fno-objc-arc"; }; };
		73924B521DB90AE800508979 /* RegisterResult.m in Sources */ = {isa = PBXBuildFile; fileRef = 73924ACE1DB90AE800508979 /* RegisterResult.m */; };
		73924B531DB90AE800508979 /* CameraManager.m in Sources */ = {isa = PBXBuildFile; fileRef = 73924AD11DB90AE800508979 /* CameraManager.m */; settings = {COMPILER_FLAGS = "-fno-objc-arc"; }; };
		73924B541DB90AE800508979 /* des2.c in Sources */ = {isa = PBXBuildFile; fileRef = 73924AD31DB90AE800508979 /* des2.c */; };
		73924B561DB90AE800508979 /* P2PClient.m in Sources */ = {isa = PBXBuildFile; fileRef = 73924ADA1DB90AE800508979 /* P2PClient.m */; settings = {COMPILER_FLAGS = "-fno-objc-arc"; }; };
		73924B581DB90AE800508979 /* FfmpegInterface.m in Sources */ = {isa = PBXBuildFile; fileRef = 73924B211DB90AE800508979 /* FfmpegInterface.m */; };
		73924B591DB90AE800508979 /* RtspInterface.mm in Sources */ = {isa = PBXBuildFile; fileRef = 73924B241DB90AE800508979 /* RtspInterface.mm */; };
		73924B5A1DB90AE800508979 /* CustomBorderButton.m in Sources */ = {isa = PBXBuildFile; fileRef = 73924B271DB90AE800508979 /* CustomBorderButton.m */; };
		73924B5B1DB90AE800508979 /* CustomView.m in Sources */ = {isa = PBXBuildFile; fileRef = 73924B291DB90AE800508979 /* CustomView.m */; };
		73924B5C1DB90AE800508979 /* TouchButton.m in Sources */ = {isa = PBXBuildFile; fileRef = 73924B2B1DB90AE800508979 /* TouchButton.m */; };
		73924B5D1DB90AE800508979 /* YProgressView.m in Sources */ = {isa = PBXBuildFile; fileRef = 73924B2D1DB90AE800508979 /* YProgressView.m */; settings = {COMPILER_FLAGS = "-fno-objc-arc"; }; };
		73924B5E1DB90AE800508979 /* empty.mm in Sources */ = {isa = PBXBuildFile; fileRef = 73924B301DB90AE800508979 /* empty.mm */; };
		73924B721DB9101A00508979 /* libRTSP.a in Frameworks */ = {isa = PBXBuildFile; fileRef = 73924B6D1DB9101A00508979 /* libRTSP.a */; };
		73B805561DC89F46005AB68E /* libAVCtrl_armv7.a in Frameworks */ = {isa = PBXBuildFile; fileRef = 73B805531DC89F46005AB68E /* libAVCtrl_armv7.a */; };
		73B805571DC89F46005AB68E /* libAVCtrl_arm64.a in Frameworks */ = {isa = PBXBuildFile; fileRef = 73B805541DC89F46005AB68E /* libAVCtrl_arm64.a */; };
		73B805591DC8A0ED005AB68E /* P2PCInterface.h in CopyFiles */ = {isa = PBXBuildFile; fileRef = 73B805581DC89F79005AB68E /* P2PCInterface.h */; };
		73E63D811DBA178B0015E102 /* elian.h in CopyFiles */ = {isa = PBXBuildFile; fileRef = 73FB2D381DBA0A20008B5232 /* elian.h */; };
		73E63D8C1DBA1AB50015E102 /* GCDAsyncUdpSocket.h in CopyFiles */ = {isa = PBXBuildFile; fileRef = 73924AA21DB90AE800508979 /* GCDAsyncUdpSocket.h */; };
		73F3B8B81DCB8C3600830CD4 /* libMD5Manager.a in Frameworks */ = {isa = PBXBuildFile; fileRef = 73F3B8B71DCB8C3600830CD4 /* libMD5Manager.a */; };
		73FB2D231DBA0761008B5232 /* UDManager.h in CopyFiles */ = {isa = PBXBuildFile; fileRef = 73924A9D1DB90AE800508979 /* UDManager.h */; };
		73FB2D251DBA0774008B5232 /* AccountResult.h in CopyFiles */ = {isa = PBXBuildFile; fileRef = 73924ABD1DB90AE800508979 /* AccountResult.h */; };
		73FB2D261DBA077C008B5232 /* LoginResult.h in CopyFiles */ = {isa = PBXBuildFile; fileRef = 73924AC71DB90AE800508979 /* LoginResult.h */; };
		73FB2D271DBA0784008B5232 /* NetManager.h in CopyFiles */ = {isa = PBXBuildFile; fileRef = 73924ACB1DB90AE800508979 /* NetManager.h */; };
		73FB2D281DBA07B4008B5232 /* P2PClient.h in CopyFiles */ = {isa = PBXBuildFile; fileRef = 73924AD91DB90AE800508979 /* P2PClient.h */; };
		73FB2D3A1DBA0A26008B5232 /* libelian.a in Frameworks */ = {isa = PBXBuildFile; fileRef = 73FB2D391DBA0A26008B5232 /* libelian.a */; };
		73FBAA721DC1F7D700527A76 /* libAVCtrl_armv7s.a in Frameworks */ = {isa = PBXBuildFile; fileRef = 73FBAA6E1DC1F7D700527A76 /* libAVCtrl_armv7s.a */; };
		73FBAA761DC1FB6C00527A76 /* P2PMonitorController.m in Sources */ = {isa = PBXBuildFile; fileRef = 73FBAA751DC1FB6C00527A76 /* P2PMonitorController.m */; settings = {COMPILER_FLAGS = "-fno-objc-arc"; }; };
		73FBAA791DC1FBB600527A76 /* ProgressImageView.m in Sources */ = {isa = PBXBuildFile; fileRef = 73FBAA781DC1FBB600527A76 /* ProgressImageView.m */; settings = {COMPILER_FLAGS = "-fno-objc-arc"; }; };
		73FBAA7C1DC1FD6000527A76 /* CustomTopBar.m in Sources */ = {isa = PBXBuildFile; fileRef = 73FBAA7B1DC1FD6000527A76 /* CustomTopBar.m */; settings = {COMPILER_FLAGS = "-fno-objc-arc"; }; };
		73FBAA801DC1FEF900527A76 /* PAIOUnit.m in Sources */ = {isa = PBXBuildFile; fileRef = 73FBAA7F1DC1FEF900527A76 /* PAIOUnit.m */; };
/* End PBXBuildFile section */

/* Begin PBXCopyFilesBuildPhase section */
		73924A721DB90A7D00508979 /* CopyFiles */ = {
			isa = PBXCopyFilesBuildPhase;
			buildActionMask = 2147483647;
			dstPath = "include/$(PRODUCT_NAME)";
			dstSubfolderSpec = 16;
			files = (
				73864CBC1DD5C29C00CED450 /* Contact.h in CopyFiles */,
				73864CBB1DD5C07200CED450 /* MD5Manager.h in CopyFiles */,
				73864CAD1DD4E4BA00CED450 /* ChinaCloudStatic.h in CopyFiles */,
				73B805591DC8A0ED005AB68E /* P2PCInterface.h in CopyFiles */,
				73905CBD1DC751F4006CB811 /* PAIOUnit.h in CopyFiles */,
				73905CBC1DC7453F006CB811 /* Utils.h in CopyFiles */,
				73905CB61DC73079006CB811 /* LocalDevice.h in CopyFiles */,
				73905CB51DC73062006CB811 /* UDPManager.h in CopyFiles */,
				73905CB41DC72FFF006CB811 /* ProgressImageView.h in CopyFiles */,
				73905CB31DC72F1B006CB811 /* P2PMonitorController.h in CopyFiles */,
				73905CB21DC72E9F006CB811 /* Constants.h in CopyFiles */,
				73905CB11DC72E79006CB811 /* OpenGLView.h in CopyFiles */,
				736377F11DBF64B400732280 /* YProgressView.h in CopyFiles */,
				736377F01DBF649C00732280 /* CustomView.h in CopyFiles */,
				736377EF1DBF648A00732280 /* CustomBorderButton.h in CopyFiles */,
				736377ED1DBF615A00732280 /* TouchButton.h in CopyFiles */,
				736377871DBE43810027EE34 /* ShakeManager.h in CopyFiles */,
				736377861DBE3D780027EE34 /* FListManager.h in CopyFiles */,
				73E63D8C1DBA1AB50015E102 /* GCDAsyncUdpSocket.h in CopyFiles */,
				73E63D811DBA178B0015E102 /* elian.h in CopyFiles */,
				73FB2D281DBA07B4008B5232 /* P2PClient.h in CopyFiles */,
				73FB2D271DBA0784008B5232 /* NetManager.h in CopyFiles */,
				73FB2D261DBA077C008B5232 /* LoginResult.h in CopyFiles */,
				73FB2D251DBA0774008B5232 /* AccountResult.h in CopyFiles */,
				73FB2D231DBA0761008B5232 /* UDManager.h in CopyFiles */,
				737E7E521DBA04F50040800F /* RtspInterface.h in CopyFiles */,
				737E7E511DBA04EE0040800F /* Rtsp_instance.h in CopyFiles */,
			);
			runOnlyForDeploymentPostprocessing = 0;
		};
/* End PBXCopyFilesBuildPhase section */

/* Begin PBXFileReference section */
		73864CB61DD5B72B00CED450 /* Contact.m */ = {isa = PBXFileReference; fileEncoding = 4; lastKnownFileType = sourcecode.c.objc; path = Contact.m; sourceTree = "<group>"; };
		73864CB71DD5B72B00CED450 /* Contact.h */ = {isa = PBXFileReference; fileEncoding = 4; lastKnownFileType = sourcecode.c.h; path = Contact.h; sourceTree = "<group>"; };
		73905CAC1DC728FE006CB811 /* OpenGLView.h */ = {isa = PBXFileReference; fileEncoding = 4; lastKnownFileType = sourcecode.c.h; path = OpenGLView.h; sourceTree = "<group>"; };
		73905CAD1DC728FE006CB811 /* OpenGLView.m */ = {isa = PBXFileReference; fileEncoding = 4; lastKnownFileType = sourcecode.c.objc; path = OpenGLView.m; sourceTree = "<group>"; };
		73905CAF1DC7293B006CB811 /* OpenGLES.framework */ = {isa = PBXFileReference; lastKnownFileType = wrapper.framework; name = OpenGLES.framework; path = System/Library/Frameworks/OpenGLES.framework; sourceTree = SDKROOT; };
		73905CB71DC73CBE006CB811 /* Utils.h */ = {isa = PBXFileReference; fileEncoding = 4; lastKnownFileType = sourcecode.c.h; path = Utils.h; sourceTree = "<group>"; };
		73905CB81DC73CBE006CB811 /* Utils.m */ = {isa = PBXFileReference; fileEncoding = 4; lastKnownFileType = sourcecode.c.objc; path = Utils.m; sourceTree = "<group>"; };
		73924A741DB90A7D00508979 /* libChinaCloudStatic.a */ = {isa = PBXFileReference; explicitFileType = archive.ar; includeInIndex = 0; path = libChinaCloudStatic.a; sourceTree = BUILT_PRODUCTS_DIR; };
		73924A771DB90A7D00508979 /* ChinaCloudStatic.h */ = {isa = PBXFileReference; lastKnownFileType = sourcecode.c.h; path = ChinaCloudStatic.h; sourceTree = "<group>"; };
		73924A781DB90A7D00508979 /* ChinaCloudStatic.m */ = {isa = PBXFileReference; lastKnownFileType = sourcecode.c.objc; path = ChinaCloudStatic.m; sourceTree = "<group>"; };
		73924A851DB90AE800508979 /* Alarm.h */ = {isa = PBXFileReference; fileEncoding = 4; lastKnownFileType = sourcecode.c.h; path = Alarm.h; sourceTree = "<group>"; };
		73924A861DB90AE800508979 /* Alarm.m */ = {isa = PBXFileReference; fileEncoding = 4; lastKnownFileType = sourcecode.c.objc; path = Alarm.m; sourceTree = "<group>"; };
		73924A871DB90AE800508979 /* AlarmDAO.h */ = {isa = PBXFileReference; fileEncoding = 4; lastKnownFileType = sourcecode.c.h; path = AlarmDAO.h; sourceTree = "<group>"; };
		73924A881DB90AE800508979 /* AlarmDAO.m */ = {isa = PBXFileReference; fileEncoding = 4; lastKnownFileType = sourcecode.c.objc; path = AlarmDAO.m; sourceTree = "<group>"; };
		73924A8C1DB90AE800508979 /* ContactDAO.h */ = {isa = PBXFileReference; fileEncoding = 4; lastKnownFileType = sourcecode.c.h; path = ContactDAO.h; sourceTree = "<group>"; };
		73924A8D1DB90AE800508979 /* ContactDAO.m */ = {isa = PBXFileReference; fileEncoding = 4; lastKnownFileType = sourcecode.c.objc; path = ContactDAO.m; sourceTree = "<group>"; };
		73924A8F1DB90AE800508979 /* FMDatabase.h */ = {isa = PBXFileReference; fileEncoding = 4; lastKnownFileType = sourcecode.c.h; path = FMDatabase.h; sourceTree = "<group>"; };
		73924A901DB90AE800508979 /* FMDatabase.m */ = {isa = PBXFileReference; fileEncoding = 4; lastKnownFileType = sourcecode.c.objc; path = FMDatabase.m; sourceTree = "<group>"; };
		73924A911DB90AE800508979 /* FMDatabasePool.h */ = {isa = PBXFileReference; fileEncoding = 4; lastKnownFileType = sourcecode.c.h; path = FMDatabasePool.h; sourceTree = "<group>"; };
		73924A921DB90AE800508979 /* FMDatabasePool.m */ = {isa = PBXFileReference; fileEncoding = 4; lastKnownFileType = sourcecode.c.objc; path = FMDatabasePool.m; sourceTree = "<group>"; };
		73924A931DB90AE800508979 /* FMDatabaseQueue.h */ = {isa = PBXFileReference; fileEncoding = 4; lastKnownFileType = sourcecode.c.h; path = FMDatabaseQueue.h; sourceTree = "<group>"; };
		73924A941DB90AE800508979 /* FMDatabaseQueue.m */ = {isa = PBXFileReference; fileEncoding = 4; lastKnownFileType = sourcecode.c.objc; path = FMDatabaseQueue.m; sourceTree = "<group>"; };
		73924A951DB90AE800508979 /* FMResultSet.h */ = {isa = PBXFileReference; fileEncoding = 4; lastKnownFileType = sourcecode.c.h; path = FMResultSet.h; sourceTree = "<group>"; };
		73924A961DB90AE800508979 /* FMResultSet.m */ = {isa = PBXFileReference; fileEncoding = 4; lastKnownFileType = sourcecode.c.objc; path = FMResultSet.m; sourceTree = "<group>"; };
		73924A971DB90AE800508979 /* LocalDevice.h */ = {isa = PBXFileReference; fileEncoding = 4; lastKnownFileType = sourcecode.c.h; path = LocalDevice.h; sourceTree = "<group>"; };
		73924A981DB90AE800508979 /* LocalDevice.m */ = {isa = PBXFileReference; fileEncoding = 4; lastKnownFileType = sourcecode.c.objc; path = LocalDevice.m; sourceTree = "<group>"; };
		73924A991DB90AE800508979 /* RecommendInfo.h */ = {isa = PBXFileReference; fileEncoding = 4; lastKnownFileType = sourcecode.c.h; path = RecommendInfo.h; sourceTree = "<group>"; };
		73924A9A1DB90AE800508979 /* RecommendInfo.m */ = {isa = PBXFileReference; fileEncoding = 4; lastKnownFileType = sourcecode.c.objc; path = RecommendInfo.m; sourceTree = "<group>"; };
		73924A9B1DB90AE800508979 /* RecommendInfoDAO.h */ = {isa = PBXFileReference; fileEncoding = 4; lastKnownFileType = sourcecode.c.h; path = RecommendInfoDAO.h; sourceTree = "<group>"; };
		73924A9C1DB90AE800508979 /* RecommendInfoDAO.m */ = {isa = PBXFileReference; fileEncoding = 4; lastKnownFileType = sourcecode.c.objc; path = RecommendInfoDAO.m; sourceTree = "<group>"; };
		73924A9D1DB90AE800508979 /* UDManager.h */ = {isa = PBXFileReference; fileEncoding = 4; lastKnownFileType = sourcecode.c.h; path = UDManager.h; sourceTree = "<group>"; };
		73924A9E1DB90AE800508979 /* UDManager.m */ = {isa = PBXFileReference; fileEncoding = 4; lastKnownFileType = sourcecode.c.objc; path = UDManager.m; sourceTree = "<group>"; };
		73924A9F1DB90AE800508979 /* UDPManager.h */ = {isa = PBXFileReference; fileEncoding = 4; lastKnownFileType = sourcecode.c.h; path = UDPManager.h; sourceTree = "<group>"; };
		73924AA01DB90AE800508979 /* UDPManager.m */ = {isa = PBXFileReference; fileEncoding = 4; lastKnownFileType = sourcecode.c.objc; path = UDPManager.m; sourceTree = "<group>"; };
		73924AA21DB90AE800508979 /* GCDAsyncUdpSocket.h */ = {isa = PBXFileReference; fileEncoding = 4; lastKnownFileType = sourcecode.c.h; path = GCDAsyncUdpSocket.h; sourceTree = "<group>"; };
		73924AA31DB90AE800508979 /* GCDAsyncUdpSocket.m */ = {isa = PBXFileReference; fileEncoding = 4; lastKnownFileType = sourcecode.c.objc; path = GCDAsyncUdpSocket.m; sourceTree = "<group>"; };
		73924AA51DB90AE800508979 /* FListManager.h */ = {isa = PBXFileReference; fileEncoding = 4; lastKnownFileType = sourcecode.c.h; path = FListManager.h; sourceTree = "<group>"; };
		73924AA61DB90AE800508979 /* FListManager.m */ = {isa = PBXFileReference; fileEncoding = 4; lastKnownFileType = sourcecode.c.objc; path = FListManager.m; sourceTree = "<group>"; };
		73924AAB1DB90AE800508979 /* ShakeManager.h */ = {isa = PBXFileReference; fileEncoding = 4; lastKnownFileType = sourcecode.c.h; path = ShakeManager.h; sourceTree = "<group>"; };
		73924AAC1DB90AE800508979 /* ShakeManager.m */ = {isa = PBXFileReference; fileEncoding = 4; lastKnownFileType = sourcecode.c.objc; path = ShakeManager.m; sourceTree = "<group>"; };
		73924AB11DB90AE800508979 /* libPwdEncrypt.a */ = {isa = PBXFileReference; lastKnownFileType = archive.ar; path = libPwdEncrypt.a; sourceTree = "<group>"; };
		73924AB21DB90AE800508979 /* libPwdEncrypt.h */ = {isa = PBXFileReference; fileEncoding = 4; lastKnownFileType = sourcecode.c.h; path = libPwdEncrypt.h; sourceTree = "<group>"; };
		73924AB41DB90AE800508979 /* MPNotificationView.h */ = {isa = PBXFileReference; fileEncoding = 4; lastKnownFileType = sourcecode.c.h; path = MPNotificationView.h; sourceTree = "<group>"; };
		73924AB51DB90AE800508979 /* MPNotificationView.m */ = {isa = PBXFileReference; fileEncoding = 4; lastKnownFileType = sourcecode.c.objc; path = MPNotificationView.m; sourceTree = "<group>"; };
		73924AB71DB90AE800508979 /* OBGradientView.h */ = {isa = PBXFileReference; fileEncoding = 4; lastKnownFileType = sourcecode.c.h; path = OBGradientView.h; sourceTree = "<group>"; };
		73924AB81DB90AE800508979 /* OBGradientView.m */ = {isa = PBXFileReference; fileEncoding = 4; lastKnownFileType = sourcecode.c.objc; path = OBGradientView.m; sourceTree = "<group>"; };
		73924ABA1DB90AE800508979 /* Toast+UIView.h */ = {isa = PBXFileReference; fileEncoding = 4; lastKnownFileType = sourcecode.c.h; path = "Toast+UIView.h"; sourceTree = "<group>"; };
		73924ABB1DB90AE800508979 /* Toast+UIView.m */ = {isa = PBXFileReference; fileEncoding = 4; lastKnownFileType = sourcecode.c.objc; path = "Toast+UIView.m"; sourceTree = "<group>"; };
		73924ABD1DB90AE800508979 /* AccountResult.h */ = {isa = PBXFileReference; fileEncoding = 4; lastKnownFileType = sourcecode.c.h; path = AccountResult.h; sourceTree = "<group>"; };
		73924ABE1DB90AE800508979 /* AccountResult.m */ = {isa = PBXFileReference; fileEncoding = 4; lastKnownFileType = sourcecode.c.objc; path = AccountResult.m; sourceTree = "<group>"; };
		73924ABF1DB90AE800508979 /* CheckAlarmMessageResult.h */ = {isa = PBXFileReference; fileEncoding = 4; lastKnownFileType = sourcecode.c.h; path = CheckAlarmMessageResult.h; sourceTree = "<group>"; };
		73924AC01DB90AE800508979 /* CheckAlarmMessageResult.m */ = {isa = PBXFileReference; fileEncoding = 4; lastKnownFileType = sourcecode.c.objc; path = CheckAlarmMessageResult.m; sourceTree = "<group>"; };
		73924AC11DB90AE800508979 /* CheckNewMessageResult.h */ = {isa = PBXFileReference; fileEncoding = 4; lastKnownFileType = sourcecode.c.h; path = CheckNewMessageResult.h; sourceTree = "<group>"; };
		73924AC21DB90AE800508979 /* CheckNewMessageResult.m */ = {isa = PBXFileReference; fileEncoding = 4; lastKnownFileType = sourcecode.c.objc; path = CheckNewMessageResult.m; sourceTree = "<group>"; };
		73924AC31DB90AE800508979 /* GetAlarmRecordResult.h */ = {isa = PBXFileReference; fileEncoding = 4; lastKnownFileType = sourcecode.c.h; path = GetAlarmRecordResult.h; sourceTree = "<group>"; };
		73924AC41DB90AE800508979 /* GetAlarmRecordResult.m */ = {isa = PBXFileReference; fileEncoding = 4; lastKnownFileType = sourcecode.c.objc; path = GetAlarmRecordResult.m; sourceTree = "<group>"; };
		73924AC51DB90AE800508979 /* GetContactMessageResult.h */ = {isa = PBXFileReference; fileEncoding = 4; lastKnownFileType = sourcecode.c.h; path = GetContactMessageResult.h; sourceTree = "<group>"; };
		73924AC61DB90AE800508979 /* GetContactMessageResult.m */ = {isa = PBXFileReference; fileEncoding = 4; lastKnownFileType = sourcecode.c.objc; path = GetContactMessageResult.m; sourceTree = "<group>"; };
		73924AC71DB90AE800508979 /* LoginResult.h */ = {isa = PBXFileReference; fileEncoding = 4; lastKnownFileType = sourcecode.c.h; path = LoginResult.h; sourceTree = "<group>"; };
		73924AC81DB90AE800508979 /* LoginResult.m */ = {isa = PBXFileReference; fileEncoding = 4; lastKnownFileType = sourcecode.c.objc; path = LoginResult.m; sourceTree = "<group>"; };
		73924AC91DB90AE800508979 /* ModifyLoginPasswordResult.h */ = {isa = PBXFileReference; fileEncoding = 4; lastKnownFileType = sourcecode.c.h; path = ModifyLoginPasswordResult.h; sourceTree = "<group>"; };
		73924ACA1DB90AE800508979 /* ModifyLoginPasswordResult.m */ = {isa = PBXFileReference; fileEncoding = 4; lastKnownFileType = sourcecode.c.objc; path = ModifyLoginPasswordResult.m; sourceTree = "<group>"; };
		73924ACB1DB90AE800508979 /* NetManager.h */ = {isa = PBXFileReference; fileEncoding = 4; lastKnownFileType = sourcecode.c.h; path = NetManager.h; sourceTree = "<group>"; };
		73924ACC1DB90AE800508979 /* NetManager.m */ = {isa = PBXFileReference; fileEncoding = 4; lastKnownFileType = sourcecode.c.objc; path = NetManager.m; sourceTree = "<group>"; };
		73924ACD1DB90AE800508979 /* RegisterResult.h */ = {isa = PBXFileReference; fileEncoding = 4; lastKnownFileType = sourcecode.c.h; path = RegisterResult.h; sourceTree = "<group>"; };
		73924ACE1DB90AE800508979 /* RegisterResult.m */ = {isa = PBXFileReference; fileEncoding = 4; lastKnownFileType = sourcecode.c.objc; path = RegisterResult.m; sourceTree = "<group>"; };
		73924AD01DB90AE800508979 /* CameraManager.h */ = {isa = PBXFileReference; fileEncoding = 4; lastKnownFileType = sourcecode.c.h; path = CameraManager.h; sourceTree = "<group>"; };
		73924AD11DB90AE800508979 /* CameraManager.m */ = {isa = PBXFileReference; fileEncoding = 4; lastKnownFileType = sourcecode.c.objc; path = CameraManager.m; sourceTree = "<group>"; };
		73924AD21DB90AE800508979 /* config.h */ = {isa = PBXFileReference; fileEncoding = 4; lastKnownFileType = sourcecode.c.h; path = config.h; sourceTree = "<group>"; };
		73924AD31DB90AE800508979 /* des2.c */ = {isa = PBXFileReference; fileEncoding = 4; lastKnownFileType = sourcecode.c.c; path = des2.c; sourceTree = "<group>"; };
		73924AD41DB90AE800508979 /* des2.h */ = {isa = PBXFileReference; fileEncoding = 4; lastKnownFileType = sourcecode.c.h; path = des2.h; sourceTree = "<group>"; };
		73924AD51DB90AE800508979 /* mesg.h */ = {isa = PBXFileReference; fileEncoding = 4; lastKnownFileType = sourcecode.c.h; path = mesg.h; sourceTree = "<group>"; };
		73924AD91DB90AE800508979 /* P2PClient.h */ = {isa = PBXFileReference; fileEncoding = 4; lastKnownFileType = sourcecode.c.h; path = P2PClient.h; sourceTree = "<group>"; };
		73924ADA1DB90AE800508979 /* P2PClient.m */ = {isa = PBXFileReference; fileEncoding = 4; lastKnownFileType = sourcecode.c.objc; path = P2PClient.m; sourceTree = "<group>"; };
		73924B201DB90AE800508979 /* FfmpegInterface.h */ = {isa = PBXFileReference; fileEncoding = 4; lastKnownFileType = sourcecode.c.h; path = FfmpegInterface.h; sourceTree = "<group>"; };
		73924B211DB90AE800508979 /* FfmpegInterface.m */ = {isa = PBXFileReference; fileEncoding = 4; lastKnownFileType = sourcecode.c.objc; path = FfmpegInterface.m; sourceTree = "<group>"; };
		73924B221DB90AE800508979 /* Rtsp_instance.h */ = {isa = PBXFileReference; fileEncoding = 4; lastKnownFileType = sourcecode.c.h; path = Rtsp_instance.h; sourceTree = "<group>"; };
		73924B231DB90AE800508979 /* RtspInterface.h */ = {isa = PBXFileReference; fileEncoding = 4; lastKnownFileType = sourcecode.c.h; path = RtspInterface.h; sourceTree = "<group>"; };
		73924B241DB90AE800508979 /* RtspInterface.mm */ = {isa = PBXFileReference; fileEncoding = 4; lastKnownFileType = sourcecode.cpp.objcpp; path = RtspInterface.mm; sourceTree = "<group>"; };
		73924B261DB90AE800508979 /* CustomBorderButton.h */ = {isa = PBXFileReference; fileEncoding = 4; lastKnownFileType = sourcecode.c.h; path = CustomBorderButton.h; sourceTree = "<group>"; };
		73924B271DB90AE800508979 /* CustomBorderButton.m */ = {isa = PBXFileReference; fileEncoding = 4; lastKnownFileType = sourcecode.c.objc; path = CustomBorderButton.m; sourceTree = "<group>"; };
		73924B281DB90AE800508979 /* CustomView.h */ = {isa = PBXFileReference; fileEncoding = 4; lastKnownFileType = sourcecode.c.h; path = CustomView.h; sourceTree = "<group>"; };
		73924B291DB90AE800508979 /* CustomView.m */ = {isa = PBXFileReference; fileEncoding = 4; lastKnownFileType = sourcecode.c.objc; path = CustomView.m; sourceTree = "<group>"; };
		73924B2A1DB90AE800508979 /* TouchButton.h */ = {isa = PBXFileReference; fileEncoding = 4; lastKnownFileType = sourcecode.c.h; path = TouchButton.h; sourceTree = "<group>"; };
		73924B2B1DB90AE800508979 /* TouchButton.m */ = {isa = PBXFileReference; fileEncoding = 4; lastKnownFileType = sourcecode.c.objc; path = TouchButton.m; sourceTree = "<group>"; };
		73924B2C1DB90AE800508979 /* YProgressView.h */ = {isa = PBXFileReference; fileEncoding = 4; lastKnownFileType = sourcecode.c.h; path = YProgressView.h; sourceTree = "<group>"; };
		73924B2D1DB90AE800508979 /* YProgressView.m */ = {isa = PBXFileReference; fileEncoding = 4; lastKnownFileType = sourcecode.c.objc; path = YProgressView.m; sourceTree = "<group>"; };
		73924B301DB90AE800508979 /* empty.mm */ = {isa = PBXFileReference; fileEncoding = 4; lastKnownFileType = sourcecode.cpp.objcpp; path = empty.mm; sourceTree = "<group>"; };
		73924B6D1DB9101A00508979 /* libRTSP.a */ = {isa = PBXFileReference; lastKnownFileType = archive.ar; path = libRTSP.a; sourceTree = "<group>"; };
		73924BE91DB91C8900508979 /* libiconv.tbd */ = {isa = PBXFileReference; lastKnownFileType = "sourcecode.text-based-dylib-definition"; name = libiconv.tbd; path = usr/lib/libiconv.tbd; sourceTree = SDKROOT; };
		73924BEB1DB91C9300508979 /* libz.tbd */ = {isa = PBXFileReference; lastKnownFileType = "sourcecode.text-based-dylib-definition"; name = libz.tbd; path = usr/lib/libz.tbd; sourceTree = SDKROOT; };
		73924BED1DB91C9A00508979 /* libbz2.1.0.tbd */ = {isa = PBXFileReference; lastKnownFileType = "sourcecode.text-based-dylib-definition"; name = libbz2.1.0.tbd; path = usr/lib/libbz2.1.0.tbd; sourceTree = SDKROOT; };
		73924BEF1DB91CA400508979 /* libsqlite3.0.tbd */ = {isa = PBXFileReference; lastKnownFileType = "sourcecode.text-based-dylib-definition"; name = libsqlite3.0.tbd; path = usr/lib/libsqlite3.0.tbd; sourceTree = SDKROOT; };
		73B805531DC89F46005AB68E /* libAVCtrl_armv7.a */ = {isa = PBXFileReference; lastKnownFileType = archive.ar; path = libAVCtrl_armv7.a; sourceTree = "<group>"; };
		73B805541DC89F46005AB68E /* libAVCtrl_arm64.a */ = {isa = PBXFileReference; lastKnownFileType = archive.ar; path = libAVCtrl_arm64.a; sourceTree = "<group>"; };
		73B805581DC89F79005AB68E /* P2PCInterface.h */ = {isa = PBXFileReference; lastKnownFileType = sourcecode.c.h; path = P2PCInterface.h; sourceTree = "<group>"; };
		73F3B8B71DCB8C3600830CD4 /* libMD5Manager.a */ = {isa = PBXFileReference; lastKnownFileType = archive.ar; path = libMD5Manager.a; sourceTree = "<group>"; };
		73F3B8B91DCB8C7400830CD4 /* MD5Manager.h */ = {isa = PBXFileReference; lastKnownFileType = sourcecode.c.h; path = MD5Manager.h; sourceTree = "<group>"; };
		73FB2D381DBA0A20008B5232 /* elian.h */ = {isa = PBXFileReference; lastKnownFileType = sourcecode.c.h; path = elian.h; sourceTree = "<group>"; };
		73FB2D391DBA0A26008B5232 /* libelian.a */ = {isa = PBXFileReference; lastKnownFileType = archive.ar; path = libelian.a; sourceTree = "<group>"; };
		73FBAA6E1DC1F7D700527A76 /* libAVCtrl_armv7s.a */ = {isa = PBXFileReference; lastKnownFileType = archive.ar; path = libAVCtrl_armv7s.a; sourceTree = "<group>"; };
		73FBAA741DC1FB6C00527A76 /* P2PMonitorController.h */ = {isa = PBXFileReference; fileEncoding = 4; lastKnownFileType = sourcecode.c.h; path = P2PMonitorController.h; sourceTree = "<group>"; };
		73FBAA751DC1FB6C00527A76 /* P2PMonitorController.m */ = {isa = PBXFileReference; fileEncoding = 4; lastKnownFileType = sourcecode.c.objc; path = P2PMonitorController.m; sourceTree = "<group>"; };
		73FBAA771DC1FBB600527A76 /* ProgressImageView.h */ = {isa = PBXFileReference; fileEncoding = 4; lastKnownFileType = sourcecode.c.h; path = ProgressImageView.h; sourceTree = "<group>"; };
		73FBAA781DC1FBB600527A76 /* ProgressImageView.m */ = {isa = PBXFileReference; fileEncoding = 4; lastKnownFileType = sourcecode.c.objc; path = ProgressImageView.m; sourceTree = "<group>"; };
		73FBAA7A1DC1FD6000527A76 /* CustomTopBar.h */ = {isa = PBXFileReference; fileEncoding = 4; lastKnownFileType = sourcecode.c.h; path = CustomTopBar.h; sourceTree = "<group>"; };
		73FBAA7B1DC1FD6000527A76 /* CustomTopBar.m */ = {isa = PBXFileReference; fileEncoding = 4; lastKnownFileType = sourcecode.c.objc; path = CustomTopBar.m; sourceTree = "<group>"; };
		73FBAA7D1DC1FE4D00527A76 /* Constants.h */ = {isa = PBXFileReference; lastKnownFileType = sourcecode.c.h; path = Constants.h; sourceTree = "<group>"; };
		73FBAA7E1DC1FEF900527A76 /* PAIOUnit.h */ = {isa = PBXFileReference; fileEncoding = 4; lastKnownFileType = sourcecode.c.h; path = PAIOUnit.h; sourceTree = "<group>"; };
		73FBAA7F1DC1FEF900527A76 /* PAIOUnit.m */ = {isa = PBXFileReference; fileEncoding = 4; lastKnownFileType = sourcecode.c.objc; path = PAIOUnit.m; sourceTree = "<group>"; };
		73FBAA8A1DC22B8200527A76 /* avcodec.h */ = {isa = PBXFileReference; lastKnownFileType = sourcecode.c.h; path = avcodec.h; sourceTree = "<group>"; };
		73FBAA8B1DC22B8200527A76 /* avfft.h */ = {isa = PBXFileReference; lastKnownFileType = sourcecode.c.h; path = avfft.h; sourceTree = "<group>"; };
		73FBAA8C1DC22B8200527A76 /* dxva2.h */ = {isa = PBXFileReference; lastKnownFileType = sourcecode.c.h; path = dxva2.h; sourceTree = "<group>"; };
		73FBAA8D1DC22B8200527A76 /* old_codec_ids.h */ = {isa = PBXFileReference; lastKnownFileType = sourcecode.c.h; path = old_codec_ids.h; sourceTree = "<group>"; };
		73FBAA8E1DC22B8200527A76 /* vaapi.h */ = {isa = PBXFileReference; lastKnownFileType = sourcecode.c.h; path = vaapi.h; sourceTree = "<group>"; };
		73FBAA8F1DC22B8200527A76 /* vda.h */ = {isa = PBXFileReference; lastKnownFileType = sourcecode.c.h; path = vda.h; sourceTree = "<group>"; };
		73FBAA901DC22B8200527A76 /* vdpau.h */ = {isa = PBXFileReference; lastKnownFileType = sourcecode.c.h; path = vdpau.h; sourceTree = "<group>"; };
		73FBAA911DC22B8200527A76 /* version.h */ = {isa = PBXFileReference; lastKnownFileType = sourcecode.c.h; path = version.h; sourceTree = "<group>"; };
		73FBAA921DC22B8200527A76 /* xvmc.h */ = {isa = PBXFileReference; lastKnownFileType = sourcecode.c.h; path = xvmc.h; sourceTree = "<group>"; };
		73FBAA941DC22B8200527A76 /* avcodec.h */ = {isa = PBXFileReference; lastKnownFileType = sourcecode.c.h; path = avcodec.h; sourceTree = "<group>"; };
		73FBAA951DC22B8200527A76 /* avformat.h */ = {isa = PBXFileReference; lastKnownFileType = sourcecode.c.h; path = avformat.h; sourceTree = "<group>"; };
		73FBAA961DC22B8200527A76 /* avio.h */ = {isa = PBXFileReference; lastKnownFileType = sourcecode.c.h; path = avio.h; sourceTree = "<group>"; };
		73FBAA971DC22B8200527A76 /* version.h */ = {isa = PBXFileReference; lastKnownFileType = sourcecode.c.h; path = version.h; sourceTree = "<group>"; };
		73FBAA991DC22B8200527A76 /* adler32.h */ = {isa = PBXFileReference; lastKnownFileType = sourcecode.c.h; path = adler32.h; sourceTree = "<group>"; };
		73FBAA9A1DC22B8200527A76 /* aes.h */ = {isa = PBXFileReference; lastKnownFileType = sourcecode.c.h; path = aes.h; sourceTree = "<group>"; };
		73FBAA9B1DC22B8200527A76 /* attributes.h */ = {isa = PBXFileReference; lastKnownFileType = sourcecode.c.h; path = attributes.h; sourceTree = "<group>"; };
		73FBAA9C1DC22B8200527A76 /* audio_fifo.h */ = {isa = PBXFileReference; lastKnownFileType = sourcecode.c.h; path = audio_fifo.h; sourceTree = "<group>"; };
		73FBAA9D1DC22B8200527A76 /* audioconvert.h */ = {isa = PBXFileReference; lastKnownFileType = sourcecode.c.h; path = audioconvert.h; sourceTree = "<group>"; };
		73FBAA9E1DC22B8200527A76 /* avassert.h */ = {isa = PBXFileReference; lastKnownFileType = sourcecode.c.h; path = avassert.h; sourceTree = "<group>"; };
		73FBAA9F1DC22B8200527A76 /* avconfig.h */ = {isa = PBXFileReference; lastKnownFileType = sourcecode.c.h; path = avconfig.h; sourceTree = "<group>"; };
		73FBAAA01DC22B8200527A76 /* avstring.h */ = {isa = PBXFileReference; lastKnownFileType = sourcecode.c.h; path = avstring.h; sourceTree = "<group>"; };
		73FBAAA11DC22B8200527A76 /* avutil.h */ = {isa = PBXFileReference; lastKnownFileType = sourcecode.c.h; path = avutil.h; sourceTree = "<group>"; };
		73FBAAA21DC22B8200527A76 /* base64.h */ = {isa = PBXFileReference; lastKnownFileType = sourcecode.c.h; path = base64.h; sourceTree = "<group>"; };
		73FBAAA31DC22B8200527A76 /* blowfish.h */ = {isa = PBXFileReference; lastKnownFileType = sourcecode.c.h; path = blowfish.h; sourceTree = "<group>"; };
		73FBAAA41DC22B8200527A76 /* bprint.h */ = {isa = PBXFileReference; lastKnownFileType = sourcecode.c.h; path = bprint.h; sourceTree = "<group>"; };
		73FBAAA51DC22B8200527A76 /* bswap.h */ = {isa = PBXFileReference; lastKnownFileType = sourcecode.c.h; path = bswap.h; sourceTree = "<group>"; };
		73FBAAA61DC22B8200527A76 /* channel_layout.h */ = {isa = PBXFileReference; lastKnownFileType = sourcecode.c.h; path = channel_layout.h; sourceTree = "<group>"; };
		73FBAAA71DC22B8200527A76 /* common.h */ = {isa = PBXFileReference; lastKnownFileType = sourcecode.c.h; path = common.h; sourceTree = "<group>"; };
		73FBAAA81DC22B8200527A76 /* cpu.h */ = {isa = PBXFileReference; lastKnownFileType = sourcecode.c.h; path = cpu.h; sourceTree = "<group>"; };
		73FBAAA91DC22B8200527A76 /* crc.h */ = {isa = PBXFileReference; lastKnownFileType = sourcecode.c.h; path = crc.h; sourceTree = "<group>"; };
		73FBAAAA1DC22B8200527A76 /* dict.h */ = {isa = PBXFileReference; lastKnownFileType = sourcecode.c.h; path = dict.h; sourceTree = "<group>"; };
		73FBAAAB1DC22B8200527A76 /* error.h */ = {isa = PBXFileReference; lastKnownFileType = sourcecode.c.h; path = error.h; sourceTree = "<group>"; };
		73FBAAAC1DC22B8200527A76 /* eval.h */ = {isa = PBXFileReference; lastKnownFileType = sourcecode.c.h; path = eval.h; sourceTree = "<group>"; };
		73FBAAAD1DC22B8200527A76 /* fifo.h */ = {isa = PBXFileReference; lastKnownFileType = sourcecode.c.h; path = fifo.h; sourceTree = "<group>"; };
		73FBAAAE1DC22B8200527A76 /* file.h */ = {isa = PBXFileReference; lastKnownFileType = sourcecode.c.h; path = file.h; sourceTree = "<group>"; };
		73FBAAAF1DC22B8200527A76 /* hmac.h */ = {isa = PBXFileReference; lastKnownFileType = sourcecode.c.h; path = hmac.h; sourceTree = "<group>"; };
		73FBAAB01DC22B8200527A76 /* imgutils.h */ = {isa = PBXFileReference; lastKnownFileType = sourcecode.c.h; path = imgutils.h; sourceTree = "<group>"; };
		73FBAAB11DC22B8200527A76 /* intfloat.h */ = {isa = PBXFileReference; lastKnownFileType = sourcecode.c.h; path = intfloat.h; sourceTree = "<group>"; };
		73FBAAB21DC22B8200527A76 /* intfloat_readwrite.h */ = {isa = PBXFileReference; lastKnownFileType = sourcecode.c.h; path = intfloat_readwrite.h; sourceTree = "<group>"; };
		73FBAAB31DC22B8200527A76 /* intreadwrite.h */ = {isa = PBXFileReference; lastKnownFileType = sourcecode.c.h; path = intreadwrite.h; sourceTree = "<group>"; };
		73FBAAB41DC22B8200527A76 /* lfg.h */ = {isa = PBXFileReference; lastKnownFileType = sourcecode.c.h; path = lfg.h; sourceTree = "<group>"; };
		73FBAAB51DC22B8200527A76 /* log.h */ = {isa = PBXFileReference; lastKnownFileType = sourcecode.c.h; path = log.h; sourceTree = "<group>"; };
		73FBAAB61DC22B8200527A76 /* mathematics.h */ = {isa = PBXFileReference; lastKnownFileType = sourcecode.c.h; path = mathematics.h; sourceTree = "<group>"; };
		73FBAAB71DC22B8200527A76 /* md5.h */ = {isa = PBXFileReference; lastKnownFileType = sourcecode.c.h; path = md5.h; sourceTree = "<group>"; };
		73FBAAB81DC22B8200527A76 /* mem.h */ = {isa = PBXFileReference; lastKnownFileType = sourcecode.c.h; path = mem.h; sourceTree = "<group>"; };
		73FBAAB91DC22B8200527A76 /* old_pix_fmts.h */ = {isa = PBXFileReference; lastKnownFileType = sourcecode.c.h; path = old_pix_fmts.h; sourceTree = "<group>"; };
		73FBAABA1DC22B8200527A76 /* opt.h */ = {isa = PBXFileReference; lastKnownFileType = sourcecode.c.h; path = opt.h; sourceTree = "<group>"; };
		73FBAABB1DC22B8200527A76 /* parseutils.h */ = {isa = PBXFileReference; lastKnownFileType = sourcecode.c.h; path = parseutils.h; sourceTree = "<group>"; };
		73FBAABC1DC22B8200527A76 /* pixdesc.h */ = {isa = PBXFileReference; lastKnownFileType = sourcecode.c.h; path = pixdesc.h; sourceTree = "<group>"; };
		73FBAABD1DC22B8200527A76 /* pixfmt.h */ = {isa = PBXFileReference; lastKnownFileType = sourcecode.c.h; path = pixfmt.h; sourceTree = "<group>"; };
		73FBAABE1DC22B8200527A76 /* random_seed.h */ = {isa = PBXFileReference; lastKnownFileType = sourcecode.c.h; path = random_seed.h; sourceTree = "<group>"; };
		73FBAABF1DC22B8200527A76 /* rational.h */ = {isa = PBXFileReference; lastKnownFileType = sourcecode.c.h; path = rational.h; sourceTree = "<group>"; };
		73FBAAC01DC22B8200527A76 /* samplefmt.h */ = {isa = PBXFileReference; lastKnownFileType = sourcecode.c.h; path = samplefmt.h; sourceTree = "<group>"; };
		73FBAAC11DC22B8200527A76 /* sha.h */ = {isa = PBXFileReference; lastKnownFileType = sourcecode.c.h; path = sha.h; sourceTree = "<group>"; };
		73FBAAC21DC22B8200527A76 /* time.h */ = {isa = PBXFileReference; lastKnownFileType = sourcecode.c.h; path = time.h; sourceTree = "<group>"; };
		73FBAAC31DC22B8200527A76 /* timecode.h */ = {isa = PBXFileReference; lastKnownFileType = sourcecode.c.h; path = timecode.h; sourceTree = "<group>"; };
		73FBAAC41DC22B8200527A76 /* timestamp.h */ = {isa = PBXFileReference; lastKnownFileType = sourcecode.c.h; path = timestamp.h; sourceTree = "<group>"; };
		73FBAAC51DC22B8200527A76 /* version.h */ = {isa = PBXFileReference; lastKnownFileType = sourcecode.c.h; path = version.h; sourceTree = "<group>"; };
		73FBAAC61DC22B8200527A76 /* xtea.h */ = {isa = PBXFileReference; lastKnownFileType = sourcecode.c.h; path = xtea.h; sourceTree = "<group>"; };
		73FBAAC81DC22B8200527A76 /* swscale.h */ = {isa = PBXFileReference; lastKnownFileType = sourcecode.c.h; path = swscale.h; sourceTree = "<group>"; };
		73FBAAC91DC22B8200527A76 /* version.h */ = {isa = PBXFileReference; lastKnownFileType = sourcecode.c.h; path = version.h; sourceTree = "<group>"; };
/* End PBXFileReference section */

/* Begin PBXFrameworksBuildPhase section */
		73924A711DB90A7D00508979 /* Frameworks */ = {
			isa = PBXFrameworksBuildPhase;
			buildActionMask = 2147483647;
			files = (
				73905CB01DC7293B006CB811 /* OpenGLES.framework in Frameworks */,
				73924B461DB90AE800508979 /* libPwdEncrypt.a in Frameworks */,
				73F3B8B81DCB8C3600830CD4 /* libMD5Manager.a in Frameworks */,
				73B805561DC89F46005AB68E /* libAVCtrl_armv7.a in Frameworks */,
				73B805571DC89F46005AB68E /* libAVCtrl_arm64.a in Frameworks */,
				73FB2D3A1DBA0A26008B5232 /* libelian.a in Frameworks */,
				73924B721DB9101A00508979 /* libRTSP.a in Frameworks */,
				73FBAA721DC1F7D700527A76 /* libAVCtrl_armv7s.a in Frameworks */,
			);
			runOnlyForDeploymentPostprocessing = 0;
		};
/* End PBXFrameworksBuildPhase section */

/* Begin PBXGroup section */
		73924A6B1DB90A7D00508979 = {
			isa = PBXGroup;
			children = (
				73924B681DB90FFD00508979 /* Frameworks */,
				73924A801DB90AE800508979 /* Yoosee */,
				73924A761DB90A7D00508979 /* ChinaCloudStatic */,
				73924A751DB90A7D00508979 /* Products */,
			);
			sourceTree = "<group>";
		};
		73924A751DB90A7D00508979 /* Products */ = {
			isa = PBXGroup;
			children = (
				73924A741DB90A7D00508979 /* libChinaCloudStatic.a */,
			);
			name = Products;
			sourceTree = "<group>";
		};
		73924A761DB90A7D00508979 /* ChinaCloudStatic */ = {
			isa = PBXGroup;
			children = (
				73924A771DB90A7D00508979 /* ChinaCloudStatic.h */,
				73924A781DB90A7D00508979 /* ChinaCloudStatic.m */,
			);
			path = ChinaCloudStatic;
			sourceTree = "<group>";
		};
		73924A801DB90AE800508979 /* Yoosee */ = {
			isa = PBXGroup;
			children = (
				73924A811DB90AE800508979 /* Controllers */,
				73924A841DB90AE800508979 /* Databases */,
				73924AA11DB90AE800508979 /* GCDAsyncUdpSocket */,
				73924AA41DB90AE800508979 /* Global */,
				73924AAF1DB90AE800508979 /* Libraries */,
				73924ABC1DB90AE800508979 /* Net */,
				73924ACF1DB90AE800508979 /* P2PCore */,
				73924ADD1DB90AE800508979 /* rtsp */,
				73924B251DB90AE800508979 /* UIAdditional */,
				73924B2E1DB90AE800508979 /* wifi */,
			);
			path = Yoosee;
			sourceTree = "<group>";
		};
		73924A811DB90AE800508979 /* Controllers */ = {
			isa = PBXGroup;
			children = (
				73FBAA741DC1FB6C00527A76 /* P2PMonitorController.h */,
				73FBAA751DC1FB6C00527A76 /* P2PMonitorController.m */,
			);
			path = Controllers;
			sourceTree = "<group>";
		};
		73924A841DB90AE800508979 /* Databases */ = {
			isa = PBXGroup;
			children = (
				73924A851DB90AE800508979 /* Alarm.h */,
				73924A861DB90AE800508979 /* Alarm.m */,
				73924A871DB90AE800508979 /* AlarmDAO.h */,
				73924A881DB90AE800508979 /* AlarmDAO.m */,
				73864CB61DD5B72B00CED450 /* Contact.m */,
				73864CB71DD5B72B00CED450 /* Contact.h */,
				73924A8C1DB90AE800508979 /* ContactDAO.h */,
				73924A8D1DB90AE800508979 /* ContactDAO.m */,
				73924A8E1DB90AE800508979 /* FMDatabase */,
				73924A971DB90AE800508979 /* LocalDevice.h */,
				73924A981DB90AE800508979 /* LocalDevice.m */,
				73924A991DB90AE800508979 /* RecommendInfo.h */,
				73924A9A1DB90AE800508979 /* RecommendInfo.m */,
				73924A9B1DB90AE800508979 /* RecommendInfoDAO.h */,
				73924A9C1DB90AE800508979 /* RecommendInfoDAO.m */,
				73924A9D1DB90AE800508979 /* UDManager.h */,
				73924A9E1DB90AE800508979 /* UDManager.m */,
				73924A9F1DB90AE800508979 /* UDPManager.h */,
				73924AA01DB90AE800508979 /* UDPManager.m */,
			);
			path = Databases;
			sourceTree = "<group>";
		};
		73924A8E1DB90AE800508979 /* FMDatabase */ = {
			isa = PBXGroup;
			children = (
				73924A8F1DB90AE800508979 /* FMDatabase.h */,
				73924A901DB90AE800508979 /* FMDatabase.m */,
				73924A911DB90AE800508979 /* FMDatabasePool.h */,
				73924A921DB90AE800508979 /* FMDatabasePool.m */,
				73924A931DB90AE800508979 /* FMDatabaseQueue.h */,
				73924A941DB90AE800508979 /* FMDatabaseQueue.m */,
				73924A951DB90AE800508979 /* FMResultSet.h */,
				73924A961DB90AE800508979 /* FMResultSet.m */,
			);
			path = FMDatabase;
			sourceTree = "<group>";
		};
		73924AA11DB90AE800508979 /* GCDAsyncUdpSocket */ = {
			isa = PBXGroup;
			children = (
				73924AA21DB90AE800508979 /* GCDAsyncUdpSocket.h */,
				73924AA31DB90AE800508979 /* GCDAsyncUdpSocket.m */,
			);
			path = GCDAsyncUdpSocket;
			sourceTree = "<group>";
		};
		73924AA41DB90AE800508979 /* Global */ = {
			isa = PBXGroup;
			children = (
				73F3B8B91DCB8C7400830CD4 /* MD5Manager.h */,
				73FBAA7D1DC1FE4D00527A76 /* Constants.h */,
				73924AA51DB90AE800508979 /* FListManager.h */,
				73924AA61DB90AE800508979 /* FListManager.m */,
				73924AAB1DB90AE800508979 /* ShakeManager.h */,
				73924AAC1DB90AE800508979 /* ShakeManager.m */,
				73905CB71DC73CBE006CB811 /* Utils.h */,
				73905CB81DC73CBE006CB811 /* Utils.m */,
			);
			path = Global;
			sourceTree = "<group>";
		};
		73924AAF1DB90AE800508979 /* Libraries */ = {
			isa = PBXGroup;
			children = (
				73924AB01DB90AE800508979 /* libPwdEncrypt */,
				73924AB31DB90AE800508979 /* MPNotificationView */,
				73924AB61DB90AE800508979 /* OBGradientView */,
				73924AB91DB90AE800508979 /* Toast */,
			);
			path = Libraries;
			sourceTree = "<group>";
		};
		73924AB01DB90AE800508979 /* libPwdEncrypt */ = {
			isa = PBXGroup;
			children = (
				73924AB11DB90AE800508979 /* libPwdEncrypt.a */,
				73924AB21DB90AE800508979 /* libPwdEncrypt.h */,
			);
			path = libPwdEncrypt;
			sourceTree = "<group>";
		};
		73924AB31DB90AE800508979 /* MPNotificationView */ = {
			isa = PBXGroup;
			children = (
				73924AB41DB90AE800508979 /* MPNotificationView.h */,
				73924AB51DB90AE800508979 /* MPNotificationView.m */,
			);
			path = MPNotificationView;
			sourceTree = "<group>";
		};
		73924AB61DB90AE800508979 /* OBGradientView */ = {
			isa = PBXGroup;
			children = (
				73924AB71DB90AE800508979 /* OBGradientView.h */,
				73924AB81DB90AE800508979 /* OBGradientView.m */,
			);
			path = OBGradientView;
			sourceTree = "<group>";
		};
		73924AB91DB90AE800508979 /* Toast */ = {
			isa = PBXGroup;
			children = (
				73924ABA1DB90AE800508979 /* Toast+UIView.h */,
				73924ABB1DB90AE800508979 /* Toast+UIView.m */,
			);
			path = Toast;
			sourceTree = "<group>";
		};
		73924ABC1DB90AE800508979 /* Net */ = {
			isa = PBXGroup;
			children = (
				73924ABD1DB90AE800508979 /* AccountResult.h */,
				73924ABE1DB90AE800508979 /* AccountResult.m */,
				73924ABF1DB90AE800508979 /* CheckAlarmMessageResult.h */,
				73924AC01DB90AE800508979 /* CheckAlarmMessageResult.m */,
				73924AC11DB90AE800508979 /* CheckNewMessageResult.h */,
				73924AC21DB90AE800508979 /* CheckNewMessageResult.m */,
				73924AC31DB90AE800508979 /* GetAlarmRecordResult.h */,
				73924AC41DB90AE800508979 /* GetAlarmRecordResult.m */,
				73924AC51DB90AE800508979 /* GetContactMessageResult.h */,
				73924AC61DB90AE800508979 /* GetContactMessageResult.m */,
				73924AC71DB90AE800508979 /* LoginResult.h */,
				73924AC81DB90AE800508979 /* LoginResult.m */,
				73924AC91DB90AE800508979 /* ModifyLoginPasswordResult.h */,
				73924ACA1DB90AE800508979 /* ModifyLoginPasswordResult.m */,
				73924ACB1DB90AE800508979 /* NetManager.h */,
				73924ACC1DB90AE800508979 /* NetManager.m */,
				73924ACD1DB90AE800508979 /* RegisterResult.h */,
				73924ACE1DB90AE800508979 /* RegisterResult.m */,
			);
			path = Net;
			sourceTree = "<group>";
		};
		73924ACF1DB90AE800508979 /* P2PCore */ = {
			isa = PBXGroup;
			children = (
				73924AD01DB90AE800508979 /* CameraManager.h */,
				73924AD11DB90AE800508979 /* CameraManager.m */,
				73924AD21DB90AE800508979 /* config.h */,
				73924AD31DB90AE800508979 /* des2.c */,
				73924AD41DB90AE800508979 /* des2.h */,
				73924AD51DB90AE800508979 /* mesg.h */,
				73B805581DC89F79005AB68E /* P2PCInterface.h */,
				73924AD91DB90AE800508979 /* P2PClient.h */,
				73924ADA1DB90AE800508979 /* P2PClient.m */,
				73FBAA7E1DC1FEF900527A76 /* PAIOUnit.h */,
				73FBAA7F1DC1FEF900527A76 /* PAIOUnit.m */,
				73905CAC1DC728FE006CB811 /* OpenGLView.h */,
				73905CAD1DC728FE006CB811 /* OpenGLView.m */,
			);
			path = P2PCore;
			sourceTree = "<group>";
		};
		73924ADD1DB90AE800508979 /* rtsp */ = {
			isa = PBXGroup;
			children = (
				73FBAA881DC22B8200527A76 /* ffmpeg */,
				73924B201DB90AE800508979 /* FfmpegInterface.h */,
				73924B211DB90AE800508979 /* FfmpegInterface.m */,
				73924B221DB90AE800508979 /* Rtsp_instance.h */,
				73924B231DB90AE800508979 /* RtspInterface.h */,
				73924B241DB90AE800508979 /* RtspInterface.mm */,
			);
			path = rtsp;
			sourceTree = "<group>";
		};
		73924B251DB90AE800508979 /* UIAdditional */ = {
			isa = PBXGroup;
			children = (
				73FBAA771DC1FBB600527A76 /* ProgressImageView.h */,
				73FBAA781DC1FBB600527A76 /* ProgressImageView.m */,
				73FBAA7A1DC1FD6000527A76 /* CustomTopBar.h */,
				73FBAA7B1DC1FD6000527A76 /* CustomTopBar.m */,
				73924B261DB90AE800508979 /* CustomBorderButton.h */,
				73924B271DB90AE800508979 /* CustomBorderButton.m */,
				73924B281DB90AE800508979 /* CustomView.h */,
				73924B291DB90AE800508979 /* CustomView.m */,
				73924B2A1DB90AE800508979 /* TouchButton.h */,
				73924B2B1DB90AE800508979 /* TouchButton.m */,
				73924B2C1DB90AE800508979 /* YProgressView.h */,
				73924B2D1DB90AE800508979 /* YProgressView.m */,
			);
			path = UIAdditional;
			sourceTree = "<group>";
		};
		73924B2E1DB90AE800508979 /* wifi */ = {
			isa = PBXGroup;
			children = (
				73FB2D381DBA0A20008B5232 /* elian.h */,
				73924B301DB90AE800508979 /* empty.mm */,
				73FB2D391DBA0A26008B5232 /* libelian.a */,
			);
			path = wifi;
			sourceTree = "<group>";
		};
		73924B681DB90FFD00508979 /* Frameworks */ = {
			isa = PBXGroup;
			children = (
				73905CAF1DC7293B006CB811 /* OpenGLES.framework */,
				73924BEF1DB91CA400508979 /* libsqlite3.0.tbd */,
				73924BED1DB91C9A00508979 /* libbz2.1.0.tbd */,
				73924BEB1DB91C9300508979 /* libz.tbd */,
				73F3B8B71DCB8C3600830CD4 /* libMD5Manager.a */,
				73924BE91DB91C8900508979 /* libiconv.tbd */,
				73924B6D1DB9101A00508979 /* libRTSP.a */,
				73FBAA6E1DC1F7D700527A76 /* libAVCtrl_armv7s.a */,
				73B805531DC89F46005AB68E /* libAVCtrl_armv7.a */,
				73B805541DC89F46005AB68E /* libAVCtrl_arm64.a */,
			);
			name = Frameworks;
			sourceTree = "<group>";
		};
		73FBAA881DC22B8200527A76 /* ffmpeg */ = {
			isa = PBXGroup;
			children = (
				73FBAA891DC22B8200527A76 /* libavcodec */,
				73FBAA931DC22B8200527A76 /* libavformat */,
				73FBAA981DC22B8200527A76 /* libavutil */,
				73FBAAC71DC22B8200527A76 /* libswscale */,
			);
			path = ffmpeg;
			sourceTree = "<group>";
		};
		73FBAA891DC22B8200527A76 /* libavcodec */ = {
			isa = PBXGroup;
			children = (
				73FBAA8A1DC22B8200527A76 /* avcodec.h */,
				73FBAA8B1DC22B8200527A76 /* avfft.h */,
				73FBAA8C1DC22B8200527A76 /* dxva2.h */,
				73FBAA8D1DC22B8200527A76 /* old_codec_ids.h */,
				73FBAA8E1DC22B8200527A76 /* vaapi.h */,
				73FBAA8F1DC22B8200527A76 /* vda.h */,
				73FBAA901DC22B8200527A76 /* vdpau.h */,
				73FBAA911DC22B8200527A76 /* version.h */,
				73FBAA921DC22B8200527A76 /* xvmc.h */,
			);
			path = libavcodec;
			sourceTree = "<group>";
		};
		73FBAA931DC22B8200527A76 /* libavformat */ = {
			isa = PBXGroup;
			children = (
				73FBAA941DC22B8200527A76 /* avcodec.h */,
				73FBAA951DC22B8200527A76 /* avformat.h */,
				73FBAA961DC22B8200527A76 /* avio.h */,
				73FBAA971DC22B8200527A76 /* version.h */,
			);
			path = libavformat;
			sourceTree = "<group>";
		};
		73FBAA981DC22B8200527A76 /* libavutil */ = {
			isa = PBXGroup;
			children = (
				73FBAA991DC22B8200527A76 /* adler32.h */,
				73FBAA9A1DC22B8200527A76 /* aes.h */,
				73FBAA9B1DC22B8200527A76 /* attributes.h */,
				73FBAA9C1DC22B8200527A76 /* audio_fifo.h */,
				73FBAA9D1DC22B8200527A76 /* audioconvert.h */,
				73FBAA9E1DC22B8200527A76 /* avassert.h */,
				73FBAA9F1DC22B8200527A76 /* avconfig.h */,
				73FBAAA01DC22B8200527A76 /* avstring.h */,
				73FBAAA11DC22B8200527A76 /* avutil.h */,
				73FBAAA21DC22B8200527A76 /* base64.h */,
				73FBAAA31DC22B8200527A76 /* blowfish.h */,
				73FBAAA41DC22B8200527A76 /* bprint.h */,
				73FBAAA51DC22B8200527A76 /* bswap.h */,
				73FBAAA61DC22B8200527A76 /* channel_layout.h */,
				73FBAAA71DC22B8200527A76 /* common.h */,
				73FBAAA81DC22B8200527A76 /* cpu.h */,
				73FBAAA91DC22B8200527A76 /* crc.h */,
				73FBAAAA1DC22B8200527A76 /* dict.h */,
				73FBAAAB1DC22B8200527A76 /* error.h */,
				73FBAAAC1DC22B8200527A76 /* eval.h */,
				73FBAAAD1DC22B8200527A76 /* fifo.h */,
				73FBAAAE1DC22B8200527A76 /* file.h */,
				73FBAAAF1DC22B8200527A76 /* hmac.h */,
				73FBAAB01DC22B8200527A76 /* imgutils.h */,
				73FBAAB11DC22B8200527A76 /* intfloat.h */,
				73FBAAB21DC22B8200527A76 /* intfloat_readwrite.h */,
				73FBAAB31DC22B8200527A76 /* intreadwrite.h */,
				73FBAAB41DC22B8200527A76 /* lfg.h */,
				73FBAAB51DC22B8200527A76 /* log.h */,
				73FBAAB61DC22B8200527A76 /* mathematics.h */,
				73FBAAB71DC22B8200527A76 /* md5.h */,
				73FBAAB81DC22B8200527A76 /* mem.h */,
				73FBAAB91DC22B8200527A76 /* old_pix_fmts.h */,
				73FBAABA1DC22B8200527A76 /* opt.h */,
				73FBAABB1DC22B8200527A76 /* parseutils.h */,
				73FBAABC1DC22B8200527A76 /* pixdesc.h */,
				73FBAABD1DC22B8200527A76 /* pixfmt.h */,
				73FBAABE1DC22B8200527A76 /* random_seed.h */,
				73FBAABF1DC22B8200527A76 /* rational.h */,
				73FBAAC01DC22B8200527A76 /* samplefmt.h */,
				73FBAAC11DC22B8200527A76 /* sha.h */,
				73FBAAC21DC22B8200527A76 /* time.h */,
				73FBAAC31DC22B8200527A76 /* timecode.h */,
				73FBAAC41DC22B8200527A76 /* timestamp.h */,
				73FBAAC51DC22B8200527A76 /* version.h */,
				73FBAAC61DC22B8200527A76 /* xtea.h */,
			);
			path = libavutil;
			sourceTree = "<group>";
		};
		73FBAAC71DC22B8200527A76 /* libswscale */ = {
			isa = PBXGroup;
			children = (
				73FBAAC81DC22B8200527A76 /* swscale.h */,
				73FBAAC91DC22B8200527A76 /* version.h */,
			);
			path = libswscale;
			sourceTree = "<group>";
		};
/* End PBXGroup section */

/* Begin PBXNativeTarget section */
		73924A731DB90A7D00508979 /* ChinaCloudStatic */ = {
			isa = PBXNativeTarget;
			buildConfigurationList = 73924A7D1DB90A7D00508979 /* Build configuration list for PBXNativeTarget "ChinaCloudStatic" */;
			buildPhases = (
				73924A701DB90A7D00508979 /* Sources */,
				73924A711DB90A7D00508979 /* Frameworks */,
				73924A721DB90A7D00508979 /* CopyFiles */,
			);
			buildRules = (
			);
			dependencies = (
			);
			name = ChinaCloudStatic;
			productName = ChinaCloudStatic;
			productReference = 73924A741DB90A7D00508979 /* libChinaCloudStatic.a */;
			productType = "com.apple.product-type.library.static";
		};
/* End PBXNativeTarget section */

/* Begin PBXProject section */
		73924A6C1DB90A7D00508979 /* Project object */ = {
			isa = PBXProject;
			attributes = {
				LastUpgradeCheck = 0800;
				ORGANIZATIONNAME = "Anthony Ilinykh";
				TargetAttributes = {
					73924A731DB90A7D00508979 = {
						CreatedOnToolsVersion = 8.0;
						ProvisioningStyle = Automatic;
					};
					73924B611DB90E8700508979 = {
						CreatedOnToolsVersion = 8.0;
						ProvisioningStyle = Automatic;
					};
				};
			};
			buildConfigurationList = 73924A6F1DB90A7D00508979 /* Build configuration list for PBXProject "ChinaCloudStatic" */;
			compatibilityVersion = "Xcode 3.2";
			developmentRegion = English;
			hasScannedForEncodings = 0;
			knownRegions = (
				en,
			);
			mainGroup = 73924A6B1DB90A7D00508979;
			productRefGroup = 73924A751DB90A7D00508979 /* Products */;
			projectDirPath = "";
			projectRoot = "";
			targets = (
				73924A731DB90A7D00508979 /* ChinaCloudStatic */,
				73924B611DB90E8700508979 /* ChinaCloudUniversal */,
			);
		};
/* End PBXProject section */

/* Begin PBXShellScriptBuildPhase section */
		73924B671DB90F2700508979 /* ShellScript */ = {
			isa = PBXShellScriptBuildPhase;
			buildActionMask = 2147483647;
			files = (
			);
			inputPaths = (
			);
			outputPaths = (
			);
			runOnlyForDeploymentPostprocessing = 0;
			shellPath = /bin/sh;
			shellScript = "# define output folder environment variable\nUNIVERSAL_OUTPUTFOLDER=${BUILD_DIR}/${CONFIGURATION}-universal\n\n# Step 1. Build Device and Simulator versions\nxcodebuild -target ChinaCloudStatic ONLY_ACTIVE_ARCH=NO -configuration ${CONFIGURATION} -sdk iphoneos  BUILD_DIR=\"${BUILD_DIR}\" BUILD_ROOT=\"${BUILD_ROOT}\"\nxcodebuild -target ChinaCloudStatic -configuration ${CONFIGURATION} -sdk iphonesimulator -arch i386 BUILD_DIR=\"${BUILD_DIR}\" BUILD_ROOT=\"${BUILD_ROOT}\"\n\n# make sure the output directory exists\nmkdir -p \"${UNIVERSAL_OUTPUTFOLDER}\"\n\n# Step 2. Create universal binary file using lipo\nlipo -create -output \"${UNIVERSAL_OUTPUTFOLDER}/lib${PROJECT_NAME}.a\" \"${BUILD_DIR}/${CONFIGURATION}-iphoneos/lib${PROJECT_NAME}.a\" \"${BUILD_DIR}/${CONFIGURATION}-iphonesimulator/lib${PROJECT_NAME}.a\"\n\n# Last touch. copy the header files. Just for convenience\ncp -R \"${BUILD_DIR}/${CONFIGURATION}-iphoneos/include\" \"${UNIVERSAL_OUTPUTFOLDER}/\"";
		};
/* End PBXShellScriptBuildPhase section */

/* Begin PBXSourcesBuildPhase section */
		73924A701DB90A7D00508979 /* Sources */ = {
			isa = PBXSourcesBuildPhase;
			buildActionMask = 2147483647;
			files = (
				73924B541DB90AE800508979 /* des2.c in Sources */,
				73FBAA791DC1FBB600527A76 /* ProgressImageView.m in Sources */,
				73924B491DB90AE800508979 /* Toast+UIView.m in Sources */,
				73924B4B1DB90AE800508979 /* CheckAlarmMessageResult.m in Sources */,
				73924B331DB90AE800508979 /* Alarm.m in Sources */,
				73924B4C1DB90AE800508979 /* CheckNewMessageResult.m in Sources */,
				73924A791DB90A7D00508979 /* ChinaCloudStatic.m in Sources */,
				73864CB81DD5B72B00CED450 /* Contact.m in Sources */,
				73924B3B1DB90AE800508979 /* LocalDevice.m in Sources */,
				73924B521DB90AE800508979 /* RegisterResult.m in Sources */,
				73924B591DB90AE800508979 /* RtspInterface.mm in Sources */,
				73924B5B1DB90AE800508979 /* CustomView.m in Sources */,
				73924B441DB90AE800508979 /* ShakeManager.m in Sources */,
				73924B511DB90AE800508979 /* NetManager.m in Sources */,
				73924B371DB90AE800508979 /* FMDatabase.m in Sources */,
				73924B3A1DB90AE800508979 /* FMResultSet.m in Sources */,
				73924B4A1DB90AE800508979 /* AccountResult.m in Sources */,
				73924B561DB90AE800508979 /* P2PClient.m in Sources */,
				73924B5A1DB90AE800508979 /* CustomBorderButton.m in Sources */,
				73924B361DB90AE800508979 /* ContactDAO.m in Sources */,
				73905CB91DC73CBE006CB811 /* Utils.m in Sources */,
				73924B381DB90AE800508979 /* FMDatabasePool.m in Sources */,
				73924B3E1DB90AE800508979 /* UDManager.m in Sources */,
				73905CAE1DC728FE006CB811 /* OpenGLView.m in Sources */,
				73924B5D1DB90AE800508979 /* YProgressView.m in Sources */,
				73924B411DB90AE800508979 /* FListManager.m in Sources */,
				73924B3F1DB90AE800508979 /* UDPManager.m in Sources */,
				73924B3C1DB90AE800508979 /* RecommendInfo.m in Sources */,
				73924B5C1DB90AE800508979 /* TouchButton.m in Sources */,
				73924B4E1DB90AE800508979 /* GetContactMessageResult.m in Sources */,
				73924B5E1DB90AE800508979 /* empty.mm in Sources */,
				73924B581DB90AE800508979 /* FfmpegInterface.m in Sources */,
				73924B501DB90AE800508979 /* ModifyLoginPasswordResult.m in Sources */,
				73FBAA801DC1FEF900527A76 /* PAIOUnit.m in Sources */,
				73924B4D1DB90AE800508979 /* GetAlarmRecordResult.m in Sources */,
				73924B471DB90AE800508979 /* MPNotificationView.m in Sources */,
				73924B531DB90AE800508979 /* CameraManager.m in Sources */,
				73924B3D1DB90AE800508979 /* RecommendInfoDAO.m in Sources */,
				73924B401DB90AE800508979 /* GCDAsyncUdpSocket.m in Sources */,
				73FBAA7C1DC1FD6000527A76 /* CustomTopBar.m in Sources */,
				73FBAA761DC1FB6C00527A76 /* P2PMonitorController.m in Sources */,
				73924B341DB90AE800508979 /* AlarmDAO.m in Sources */,
				73924B391DB90AE800508979 /* FMDatabaseQueue.m in Sources */,
				73924B4F1DB90AE800508979 /* LoginResult.m in Sources */,
				73924B481DB90AE800508979 /* OBGradientView.m in Sources */,
			);
			runOnlyForDeploymentPostprocessing = 0;
		};
/* End PBXSourcesBuildPhase section */

/* Begin XCBuildConfiguration section */
		73924A7B1DB90A7D00508979 /* Debug */ = {
			isa = XCBuildConfiguration;
			buildSettings = {
				ALWAYS_SEARCH_USER_PATHS = NO;
				ARCHS = "$(ARCHS_STANDARD)";
				CLANG_ANALYZER_NONNULL = YES;
				CLANG_CXX_LANGUAGE_STANDARD = "gnu++0x";
				CLANG_CXX_LIBRARY = "libc++";
				CLANG_ENABLE_MODULES = YES;
				CLANG_ENABLE_OBJC_ARC = YES;
				CLANG_WARN_BOOL_CONVERSION = YES;
				CLANG_WARN_CONSTANT_CONVERSION = YES;
				CLANG_WARN_DIRECT_OBJC_ISA_USAGE = YES_ERROR;
				CLANG_WARN_DOCUMENTATION_COMMENTS = YES;
				CLANG_WARN_EMPTY_BODY = YES;
				CLANG_WARN_ENUM_CONVERSION = YES;
				CLANG_WARN_INFINITE_RECURSION = YES;
				CLANG_WARN_INT_CONVERSION = YES;
				CLANG_WARN_OBJC_ROOT_CLASS = YES_ERROR;
				CLANG_WARN_SUSPICIOUS_MOVES = YES;
				CLANG_WARN_UNREACHABLE_CODE = YES;
				CLANG_WARN__DUPLICATE_METHOD_MATCH = YES;
				"CODE_SIGN_IDENTITY[sdk=iphoneos*]" = "iPhone Developer";
				COPY_PHASE_STRIP = NO;
				DEBUG_INFORMATION_FORMAT = dwarf;
				ENABLE_STRICT_OBJC_MSGSEND = YES;
				ENABLE_TESTABILITY = YES;
				GCC_C_LANGUAGE_STANDARD = gnu99;
				GCC_DYNAMIC_NO_PIC = NO;
				GCC_NO_COMMON_BLOCKS = YES;
				GCC_OPTIMIZATION_LEVEL = 0;
				GCC_PREPROCESSOR_DEFINITIONS = (
					"DEBUG=1",
					"$(inherited)",
				);
				GCC_WARN_64_TO_32_BIT_CONVERSION = YES;
				GCC_WARN_ABOUT_RETURN_TYPE = YES_ERROR;
				GCC_WARN_UNDECLARED_SELECTOR = YES;
				GCC_WARN_UNINITIALIZED_AUTOS = YES_AGGRESSIVE;
				GCC_WARN_UNUSED_FUNCTION = YES;
				GCC_WARN_UNUSED_VARIABLE = YES;
				HEADER_SEARCH_PATHS = "";
				IPHONEOS_DEPLOYMENT_TARGET = 8.0;
				MTL_ENABLE_DEBUG_INFO = YES;
				ONLY_ACTIVE_ARCH = YES;
				SDKROOT = iphoneos;
			};
			name = Debug;
		};
		73924A7C1DB90A7D00508979 /* Release */ = {
			isa = XCBuildConfiguration;
			buildSettings = {
				ALWAYS_SEARCH_USER_PATHS = NO;
				ARCHS = "$(ARCHS_STANDARD)";
				CLANG_ANALYZER_NONNULL = YES;
				CLANG_CXX_LANGUAGE_STANDARD = "gnu++0x";
				CLANG_CXX_LIBRARY = "libc++";
				CLANG_ENABLE_MODULES = YES;
				CLANG_ENABLE_OBJC_ARC = YES;
				CLANG_WARN_BOOL_CONVERSION = YES;
				CLANG_WARN_CONSTANT_CONVERSION = YES;
				CLANG_WARN_DIRECT_OBJC_ISA_USAGE = YES_ERROR;
				CLANG_WARN_DOCUMENTATION_COMMENTS = YES;
				CLANG_WARN_EMPTY_BODY = YES;
				CLANG_WARN_ENUM_CONVERSION = YES;
				CLANG_WARN_INFINITE_RECURSION = YES;
				CLANG_WARN_INT_CONVERSION = YES;
				CLANG_WARN_OBJC_ROOT_CLASS = YES_ERROR;
				CLANG_WARN_SUSPICIOUS_MOVES = YES;
				CLANG_WARN_UNREACHABLE_CODE = YES;
				CLANG_WARN__DUPLICATE_METHOD_MATCH = YES;
				"CODE_SIGN_IDENTITY[sdk=iphoneos*]" = "iPhone Developer";
				COPY_PHASE_STRIP = NO;
				DEBUG_INFORMATION_FORMAT = "dwarf-with-dsym";
				ENABLE_NS_ASSERTIONS = NO;
				ENABLE_STRICT_OBJC_MSGSEND = YES;
				GCC_C_LANGUAGE_STANDARD = gnu99;
				GCC_NO_COMMON_BLOCKS = YES;
				GCC_WARN_64_TO_32_BIT_CONVERSION = YES;
				GCC_WARN_ABOUT_RETURN_TYPE = YES_ERROR;
				GCC_WARN_UNDECLARED_SELECTOR = YES;
				GCC_WARN_UNINITIALIZED_AUTOS = YES_AGGRESSIVE;
				GCC_WARN_UNUSED_FUNCTION = YES;
				GCC_WARN_UNUSED_VARIABLE = YES;
				HEADER_SEARCH_PATHS = "";
				IPHONEOS_DEPLOYMENT_TARGET = 8.0;
				MTL_ENABLE_DEBUG_INFO = NO;
				SDKROOT = iphoneos;
				VALIDATE_PRODUCT = YES;
			};
			name = Release;
		};
		73924A7E1DB90A7D00508979 /* Debug */ = {
			isa = XCBuildConfiguration;
			buildSettings = {
				ARCHS = "$(ARCHS_STANDARD)";
				LIBRARY_SEARCH_PATHS = (
					"$(inherited)",
					"$(PROJECT_DIR)/Yoosee/Libraries/libPwdEncrypt",
					"$(PROJECT_DIR)/Yoosee/wifi",
					"$(PROJECT_DIR)",
				);
				ONLY_ACTIVE_ARCH = NO;
				OTHER_LDFLAGS = "-ObjC";
				PRODUCT_NAME = "$(TARGET_NAME)";
				SKIP_INSTALL = YES;
			};
			name = Debug;
		};
		73924A7F1DB90A7D00508979 /* Release */ = {
			isa = XCBuildConfiguration;
			buildSettings = {
				ARCHS = "$(ARCHS_STANDARD)";
				LIBRARY_SEARCH_PATHS = (
					"$(inherited)",
					"$(PROJECT_DIR)/Yoosee/Libraries/libPwdEncrypt",
					"$(PROJECT_DIR)/Yoosee/wifi",
					"$(PROJECT_DIR)",
				);
				OTHER_LDFLAGS = "-ObjC";
				PRODUCT_NAME = "$(TARGET_NAME)";
				SKIP_INSTALL = YES;
			};
			name = Release;
		};
		73924B631DB90E8700508979 /* Debug */ = {
			isa = XCBuildConfiguration;
			buildSettings = {
				ARCHS = "$(ARCHS_STANDARD)";
				HEADER_SEARCH_PATHS = "";
				PRODUCT_NAME = "$(TARGET_NAME)";
			};
			name = Debug;
		};
		73924B641DB90E8700508979 /* Release */ = {
			isa = XCBuildConfiguration;
			buildSettings = {
				ARCHS = "$(ARCHS_STANDARD)";
				HEADER_SEARCH_PATHS = "";
				PRODUCT_NAME = "$(TARGET_NAME)";
			};
			name = Release;
		};
/* End XCBuildConfiguration section */

/* Begin XCConfigurationList section */
		73924A6F1DB90A7D00508979 /* Build configuration list for PBXProject "ChinaCloudStatic" */ = {
			isa = XCConfigurationList;
			buildConfigurations = (
				73924A7B1DB90A7D00508979 /* Debug */,
				73924A7C1DB90A7D00508979 /* Release */,
			);
			defaultConfigurationIsVisible = 0;
			defaultConfigurationName = Release;
		};
		73924A7D1DB90A7D00508979 /* Build configuration list for PBXNativeTarget "ChinaCloudStatic" */ = {
			isa = XCConfigurationList;
			buildConfigurations = (
				73924A7E1DB90A7D00508979 /* Debug */,
				73924A7F1DB90A7D00508979 /* Release */,
			);
			defaultConfigurationIsVisible = 0;
			defaultConfigurationName = Release;
		};
		73924B621DB90E8700508979 /* Build configuration list for PBXAggregateTarget "ChinaCloudUniversal" */ = {
			isa = XCConfigurationList;
			buildConfigurations = (
				73924B631DB90E8700508979 /* Debug */,
				73924B641DB90E8700508979 /* Release */,
			);
			defaultConfigurationIsVisible = 0;
			defaultConfigurationName = Release;
		};
/* End XCConfigurationList section */
	};
	rootObject = 73924A6C1DB90A7D00508979 /* Project object */;
}
